// !$*UTF8*$!
{
	archiveVersion = 1;
	classes = {
	};
	objectVersion = 48;
	objects = {

/* Begin PBXBuildFile section */
		02FC14F220AA60A00046CF36 /* AppDelegate.m in Sources */ = {isa = PBXBuildFile; fileRef = 02FC14F120AA60A00046CF36 /* AppDelegate.m */; };
		02FC14F520AA60A00046CF36 /* ViewController.m in Sources */ = {isa = PBXBuildFile; fileRef = 02FC14F420AA60A00046CF36 /* ViewController.m */; };
		02FC14F820AA60A00046CF36 /* Main.storyboard in Resources */ = {isa = PBXBuildFile; fileRef = 02FC14F620AA60A00046CF36 /* Main.storyboard */; };
		02FC14FA20AA60A00046CF36 /* Assets.xcassets in Resources */ = {isa = PBXBuildFile; fileRef = 02FC14F920AA60A00046CF36 /* Assets.xcassets */; };
		02FC14FD20AA60A00046CF36 /* LaunchScreen.storyboard in Resources */ = {isa = PBXBuildFile; fileRef = 02FC14FB20AA60A00046CF36 /* LaunchScreen.storyboard */; };
		02FC150020AA60A00046CF36 /* main.m in Sources */ = {isa = PBXBuildFile; fileRef = 02FC14FF20AA60A00046CF36 /* main.m */; };
		02FC150C20AA60E30046CF36 /* XDTopHud.m in Sources */ = {isa = PBXBuildFile; fileRef = 02FC150720AA60E30046CF36 /* XDTopHud.m */; };
		02FC150D20AA60E30046CF36 /* notice_type_error.png in Resources */ = {isa = PBXBuildFile; fileRef = 02FC150820AA60E30046CF36 /* notice_type_error.png */; };
		02FC150E20AA60E30046CF36 /* notice_type_warnning.png in Resources */ = {isa = PBXBuildFile; fileRef = 02FC150A20AA60E30046CF36 /* notice_type_warnning.png */; };
		02FC150F20AA60E30046CF36 /* notice_type_success.png in Resources */ = {isa = PBXBuildFile; fileRef = 02FC150B20AA60E30046CF36 /* notice_type_success.png */; };
/* End PBXBuildFile section */

/* Begin PBXFileReference section */
		02FC14ED20AA60A00046CF36 /* XDTopHudDemo.app */ = {isa = PBXFileReference; explicitFileType = wrapper.application; includeInIndex = 0; path = XDTopHudDemo.app; sourceTree = BUILT_PRODUCTS_DIR; };
		02FC14F020AA60A00046CF36 /* AppDelegate.h */ = {isa = PBXFileReference; lastKnownFileType = sourcecode.c.h; path = AppDelegate.h; sourceTree = "<group>"; };
		02FC14F120AA60A00046CF36 /* AppDelegate.m */ = {isa = PBXFileReference; lastKnownFileType = sourcecode.c.objc; path = AppDelegate.m; sourceTree = "<group>"; };
		02FC14F320AA60A00046CF36 /* ViewController.h */ = {isa = PBXFileReference; lastKnownFileType = sourcecode.c.h; path = ViewController.h; sourceTree = "<group>"; };
		02FC14F420AA60A00046CF36 /* ViewController.m */ = {isa = PBXFileReference; lastKnownFileType = sourcecode.c.objc; path = ViewController.m; sourceTree = "<group>"; };
		02FC14F720AA60A00046CF36 /* Base */ = {isa = PBXFileReference; lastKnownFileType = file.storyboard; name = Base; path = Base.lproj/Main.storyboard; sourceTree = "<group>"; };
		02FC14F920AA60A00046CF36 /* Assets.xcassets */ = {isa = PBXFileReference; lastKnownFileType = folder.assetcatalog; path = Assets.xcassets; sourceTree = "<group>"; };
		02FC14FC20AA60A00046CF36 /* Base */ = {isa = PBXFileReference; lastKnownFileType = file.storyboard; name = Base; path = Base.lproj/LaunchScreen.storyboard; sourceTree = "<group>"; };
		02FC14FE20AA60A00046CF36 /* Info.plist */ = {isa = PBXFileReference; lastKnownFileType = text.plist.xml; path = Info.plist; sourceTree = "<group>"; };
		02FC14FF20AA60A00046CF36 /* main.m */ = {isa = PBXFileReference; lastKnownFileType = sourcecode.c.objc; path = main.m; sourceTree = "<group>"; };
		02FC150720AA60E30046CF36 /* XDTopHud.m */ = {isa = PBXFileReference; fileEncoding = 4; lastKnownFileType = sourcecode.c.objc; path = XDTopHud.m; sourceTree = "<group>"; };
		02FC150820AA60E30046CF36 /* notice_type_error.png */ = {isa = PBXFileReference; lastKnownFileType = image.png; path = notice_type_error.png; sourceTree = "<group>"; };
		02FC150920AA60E30046CF36 /* XDTopHud.h */ = {isa = PBXFileReference; fileEncoding = 4; lastKnownFileType = sourcecode.c.h; path = XDTopHud.h; sourceTree = "<group>"; };
		02FC150A20AA60E30046CF36 /* notice_type_warnning.png */ = {isa = PBXFileReference; lastKnownFileType = image.png; path = notice_type_warnning.png; sourceTree = "<group>"; };
		02FC150B20AA60E30046CF36 /* notice_type_success.png */ = {isa = PBXFileReference; lastKnownFileType = image.png; path = notice_type_success.png; sourceTree = "<group>"; };
/* End PBXFileReference section */

/* Begin PBXFrameworksBuildPhase section */
		02FC14EA20AA60A00046CF36 /* Frameworks */ = {
			isa = PBXFrameworksBuildPhase;
			buildActionMask = 2147483647;
			files = (
			);
			runOnlyForDeploymentPostprocessing = 0;
		};
/* End PBXFrameworksBuildPhase section */

/* Begin PBXGroup section */
		02FC14E420AA60A00046CF36 = {
			isa = PBXGroup;
			children = (
				02FC150620AA60E30046CF36 /* XDTopHud */,
				02FC14EF20AA60A00046CF36 /* XDTopHudDemo */,
				02FC14EE20AA60A00046CF36 /* Products */,
			);
			sourceTree = "<group>";
		};
		02FC14EE20AA60A00046CF36 /* Products */ = {
			isa = PBXGroup;
			children = (
				02FC14ED20AA60A00046CF36 /* XDTopHudDemo.app */,
			);
			name = Products;
			sourceTree = "<group>";
		};
		02FC14EF20AA60A00046CF36 /* XDTopHudDemo */ = {
			isa = PBXGroup;
			children = (
				02FC14F020AA60A00046CF36 /* AppDelegate.h */,
				02FC14F120AA60A00046CF36 /* AppDelegate.m */,
				02FC14F320AA60A00046CF36 /* ViewController.h */,
				02FC14F420AA60A00046CF36 /* ViewController.m */,
				02FC14F620AA60A00046CF36 /* Main.storyboard */,
				02FC14F920AA60A00046CF36 /* Assets.xcassets */,
				02FC14FB20AA60A00046CF36 /* LaunchScreen.storyboard */,
				02FC14FE20AA60A00046CF36 /* Info.plist */,
				02FC14FF20AA60A00046CF36 /* main.m */,
			);
			path = XDTopHudDemo;
			sourceTree = "<group>";
		};
		02FC150620AA60E30046CF36 /* XDTopHud */ = {
			isa = PBXGroup;
			children = (
				02FC150720AA60E30046CF36 /* XDTopHud.m */,
				02FC150820AA60E30046CF36 /* notice_type_error.png */,
				02FC150920AA60E30046CF36 /* XDTopHud.h */,
				02FC150A20AA60E30046CF36 /* notice_type_warnning.png */,
				02FC150B20AA60E30046CF36 /* notice_type_success.png */,
			);
			path = XDTopHud;
			sourceTree = "<group>";
		};
/* End PBXGroup section */

/* Begin PBXNativeTarget section */
		02FC14EC20AA60A00046CF36 /* XDTopHudDemo */ = {
			isa = PBXNativeTarget;
			buildConfigurationList = 02FC150320AA60A00046CF36 /* Build configuration list for PBXNativeTarget "XDTopHudDemo" */;
			buildPhases = (
				02FC14E920AA60A00046CF36 /* Sources */,
				02FC14EA20AA60A00046CF36 /* Frameworks */,
				02FC14EB20AA60A00046CF36 /* Resources */,
			);
			buildRules = (
			);
			dependencies = (
			);
			name = XDTopHudDemo;
			productName = XDTopHudDemo;
			productReference = 02FC14ED20AA60A00046CF36 /* XDTopHudDemo.app */;
			productType = "com.apple.product-type.application";
		};
/* End PBXNativeTarget section */

/* Begin PBXProject section */
		02FC14E520AA60A00046CF36 /* Project object */ = {
			isa = PBXProject;
			attributes = {
				LastUpgradeCheck = 0920;
				ORGANIZATIONNAME = sephilex;
				TargetAttributes = {
					02FC14EC20AA60A00046CF36 = {
						CreatedOnToolsVersion = 9.2;
						ProvisioningStyle = Automatic;
					};
				};
			};
			buildConfigurationList = 02FC14E820AA60A00046CF36 /* Build configuration list for PBXProject "XDTopHudDemo" */;
			compatibilityVersion = "Xcode 8.0";
			developmentRegion = en;
			hasScannedForEncodings = 0;
			knownRegions = (
				en,
				Base,
			);
			mainGroup = 02FC14E420AA60A00046CF36;
			productRefGroup = 02FC14EE20AA60A00046CF36 /* Products */;
			projectDirPath = "";
			projectRoot = "";
			targets = (
				02FC14EC20AA60A00046CF36 /* XDTopHudDemo */,
			);
		};
/* End PBXProject section */

/* Begin PBXResourcesBuildPhase section */
		02FC14EB20AA60A00046CF36 /* Resources */ = {
			isa = PBXResourcesBuildPhase;
			buildActionMask = 2147483647;
			files = (
				02FC150D20AA60E30046CF36 /* notice_type_error.png in Resources */,
				02FC150F20AA60E30046CF36 /* notice_type_success.png in Resources */,
				02FC14FD20AA60A00046CF36 /* LaunchScreen.storyboard in Resources */,
				02FC14FA20AA60A00046CF36 /* Assets.xcassets in Resources */,
				02FC14F820AA60A00046CF36 /* Main.storyboard in Resources */,
				02FC150E20AA60E30046CF36 /* notice_type_warnning.png in Resources */,
			);
			runOnlyForDeploymentPostprocessing = 0;
		};
/* End PBXResourcesBuildPhase section */

/* Begin PBXSourcesBuildPhase section */
		02FC14E920AA60A00046CF36 /* Sources */ = {
			isa = PBXSourcesBuildPhase;
			buildActionMask = 2147483647;
			files = (
				02FC14F520AA60A00046CF36 /* ViewController.m in Sources */,
				02FC150C20AA60E30046CF36 /* XDTopHud.m in Sources */,
				02FC150020AA60A00046CF36 /* main.m in Sources */,
				02FC14F220AA60A00046CF36 /* AppDelegate.m in Sources */,
			);
			runOnlyForDeploymentPostprocessing = 0;
		};
/* End PBXSourcesBuildPhase section */

/* Begin PBXVariantGroup section */
		02FC14F620AA60A00046CF36 /* Main.storyboard */ = {
			isa = PBXVariantGroup;
			children = (
				02FC14F720AA60A00046CF36 /* Base */,
			);
			name = Main.storyboard;
			sourceTree = "<group>";
		};
		02FC14FB20AA60A00046CF36 /* LaunchScreen.storyboard */ = {
			isa = PBXVariantGroup;
			children = (
				02FC14FC20AA60A00046CF36 /* Base */,
			);
			name = LaunchScreen.storyboard;
			sourceTree = "<group>";
		};
/* End PBXVariantGroup section */

/* Begin XCBuildConfiguration section */
		02FC150120AA60A00046CF36 /* Debug */ = {
			isa = XCBuildConfiguration;
			buildSettings = {
				ALWAYS_SEARCH_USER_PATHS = NO;
				CLANG_ANALYZER_NONNULL = YES;
				CLANG_ANALYZER_NUMBER_OBJECT_CONVERSION = YES_AGGRESSIVE;
				CLANG_CXX_LANGUAGE_STANDARD = "gnu++14";
				CLANG_CXX_LIBRARY = "libc++";
				CLANG_ENABLE_MODULES = YES;
				CLANG_ENABLE_OBJC_ARC = YES;
				CLANG_WARN_BLOCK_CAPTURE_AUTORELEASING = YES;
				CLANG_WARN_BOOL_CONVERSION = YES;
				CLANG_WARN_COMMA = YES;
				CLANG_WARN_CONSTANT_CONVERSION = YES;
				CLANG_WARN_DIRECT_OBJC_ISA_USAGE = YES_ERROR;
				CLANG_WARN_DOCUMENTATION_COMMENTS = YES;
				CLANG_WARN_EMPTY_BODY = YES;
				CLANG_WARN_ENUM_CONVERSION = YES;
				CLANG_WARN_INFINITE_RECURSION = YES;
				CLANG_WARN_INT_CONVERSION = YES;
				CLANG_WARN_NON_LITERAL_NULL_CONVERSION = YES;
				CLANG_WARN_OBJC_LITERAL_CONVERSION = YES;
				CLANG_WARN_OBJC_ROOT_CLASS = YES_ERROR;
				CLANG_WARN_RANGE_LOOP_ANALYSIS = YES;
				CLANG_WARN_STRICT_PROTOTYPES = YES;
				CLANG_WARN_SUSPICIOUS_MOVE = YES;
				CLANG_WARN_UNGUARDED_AVAILABILITY = YES_AGGRESSIVE;
				CLANG_WARN_UNREACHABLE_CODE = YES;
				CLANG_WARN__DUPLICATE_METHOD_MATCH = YES;
				CODE_SIGN_IDENTITY = "iPhone Developer";
				COPY_PHASE_STRIP = NO;
				DEBUG_INFORMATION_FORMAT = dwarf;
				ENABLE_STRICT_OBJC_MSGSEND = YES;
				ENABLE_TESTABILITY = YES;
				GCC_C_LANGUAGE_STANDARD = gnu11;
				GCC_DYNAMIC_NO_PIC = NO;
				GCC_NO_COMMON_BLOCKS = YES;
				GCC_OPTIMIZATION_LEVEL = 0;
				GCC_PREPROCESSOR_DEFINITIONS = (
					"DEBUG=1",
					"$(inherited)",
				);
				GCC_WARN_64_TO_32_BIT_CONVERSION = YES;
				GCC_WARN_ABOUT_RETURN_TYPE = YES_ERROR;
				GCC_WARN_UNDECLARED_SELECTOR = YES;
				GCC_WARN_UNINITIALIZED_AUTOS = YES_AGGRESSIVE;
				GCC_WARN_UNUSED_FUNCTION = YES;
				GCC_WARN_UNUSED_VARIABLE = YES;
				IPHONEOS_DEPLOYMENT_TARGET = 11.2;
				MTL_ENABLE_DEBUG_INFO = YES;
				ONLY_ACTIVE_ARCH = YES;
				SDKROOT = iphoneos;
			};
			name = Debug;
		};
		02FC150220AA60A00046CF36 /* Release */ = {
			isa = XCBuildConfiguration;
			buildSettings = {
				ALWAYS_SEARCH_USER_PATHS = NO;
				CLANG_ANALYZER_NONNULL = YES;
				CLANG_ANALYZER_NUMBER_OBJECT_CONVERSION = YES_AGGRESSIVE;
				CLANG_CXX_LANGUAGE_STANDARD = "gnu++14";
				CLANG_CXX_LIBRARY = "libc++";
				CLANG_ENABLE_MODULES = YES;
				CLANG_ENABLE_OBJC_ARC = YES;
				CLANG_WARN_BLOCK_CAPTURE_AUTORELEASING = YES;
				CLANG_WARN_BOOL_CONVERSION = YES;
				CLANG_WARN_COMMA = YES;
				CLANG_WARN_CONSTANT_CONVERSION = YES;
				CLANG_WARN_DIRECT_OBJC_ISA_USAGE = YES_ERROR;
				CLANG_WARN_DOCUMENTATION_COMMENTS = YES;
				CLANG_WARN_EMPTY_BODY = YES;
				CLANG_WARN_ENUM_CONVERSION = YES;
				CLANG_WARN_INFINITE_RECURSION = YES;
				CLANG_WARN_INT_CONVERSION = YES;
				CLANG_WARN_NON_LITERAL_NULL_CONVERSION = YES;
				CLANG_WARN_OBJC_LITERAL_CONVERSION = YES;
				CLANG_WARN_OBJC_ROOT_CLASS = YES_ERROR;
				CLANG_WARN_RANGE_LOOP_ANALYSIS = YES;
				CLANG_WARN_STRICT_PROTOTYPES = YES;
				CLANG_WARN_SUSPICIOUS_MOVE = YES;
				CLANG_WARN_UNGUARDED_AVAILABILITY = YES_AGGRESSIVE;
				CLANG_WARN_UNREACHABLE_CODE = YES;
				CLANG_WARN__DUPLICATE_METHOD_MATCH = YES;
				CODE_SIGN_IDENTITY = "iPhone Developer";
				COPY_PHASE_STRIP = NO;
				DEBUG_INFORMATION_FORMAT = "dwarf-with-dsym";
				ENABLE_NS_ASSERTIONS = NO;
				ENABLE_STRICT_OBJC_MSGSEND = YES;
				GCC_C_LANGUAGE_STANDARD = gnu11;
				GCC_NO_COMMON_BLOCKS = YES;
				GCC_WARN_64_TO_32_BIT_CONVERSION = YES;
				GCC_WARN_ABOUT_RETURN_TYPE = YES_ERROR;
				GCC_WARN_UNDECLARED_SELECTOR = YES;
				GCC_WARN_UNINITIALIZED_AUTOS = YES_AGGRESSIVE;
				GCC_WARN_UNUSED_FUNCTION = YES;
				GCC_WARN_UNUSED_VARIABLE = YES;
				IPHONEOS_DEPLOYMENT_TARGET = 11.2;
				MTL_ENABLE_DEBUG_INFO = NO;
				SDKROOT = iphoneos;
				VALIDATE_PRODUCT = YES;
			};
			name = Release;
		};
		02FC150420AA60A00046CF36 /* Debug */ = {
			isa = XCBuildConfiguration;
			buildSettings = {
				ASSETCATALOG_COMPILER_APPICON_NAME = AppIcon;
				CODE_SIGN_STYLE = Automatic;
				DEVELOPMENT_TEAM = BH3VZAU2B2;
				INFOPLIST_FILE = XDTopHudDemo/Info.plist;
				LD_RUNPATH_SEARCH_PATHS = "$(inherited) @executable_path/Frameworks";
				PRODUCT_BUNDLE_IDENTIFIER = com.sephilex.XDTopHudDemo;
				PRODUCT_NAME = "$(TARGET_NAME)";
				TARGETED_DEVICE_FAMILY = "1,2";
			};
			name = Debug;
		};
		02FC150520AA60A00046CF36 /* Release */ = {
			isa = XCBuildConfiguration;
			buildSettings = {
				ASSETCATALOG_COMPILER_APPICON_NAME = AppIcon;
				CODE_SIGN_STYLE = Automatic;
				DEVELOPMENT_TEAM = BH3VZAU2B2;
				INFOPLIST_FILE = XDTopHudDemo/Info.plist;
				LD_RUNPATH_SEARCH_PATHS = "$(inherited) @executable_path/Frameworks";
				PRODUCT_BUNDLE_IDENTIFIER = com.sephilex.XDTopHudDemo;
				PRODUCT_NAME = "$(TARGET_NAME)";
				TARGETED_DEVICE_FAMILY = "1,2";
			};
			name = Release;
		};
/* End XCBuildConfiguration section */

/* Begin XCConfigurationList section */
		02FC14E820AA60A00046CF36 /* Build configuration list for PBXProject "XDTopHudDemo" */ = {
			isa = XCConfigurationList;
			buildConfigurations = (
				02FC150120AA60A00046CF36 /* Debug */,
				02FC150220AA60A00046CF36 /* Release */,
			);
			defaultConfigurationIsVisible = 0;
			defaultConfigurationName = Release;
		};
		02FC150320AA60A00046CF36 /* Build configuration list for PBXNativeTarget "XDTopHudDemo" */ = {
			isa = XCConfigurationList;
			buildConfigurations = (
				02FC150420AA60A00046CF36 /* Debug */,
				02FC150520AA60A00046CF36 /* Release */,
			);
			defaultConfigurationIsVisible = 0;
			defaultConfigurationName = Release;
		};
/* End XCConfigurationList section */
	};
	rootObject = 02FC14E520AA60A00046CF36 /* Project object */;
}
